
Microsoft Visual Studio Solution File, Format Version 12.00
# Visual Studio Version 16
VisualStudioVersion = 16.0.30104.148
MinimumVisualStudioVersion = 10.0.40219.1
Project("{FAE04EC0-301F-11D3-BF4B-00C04F79EFBC}") = "DutchTreat", "DutchTreat.csproj", "{BCC5603D-8DF3-460D-9988-E6BE8B8B2B52}"
EndProject
Global
	GlobalSection(SolutionConfigurationPlatforms) = preSolution
		Debug|Any CPU = Debug|Any CPU
		Release|Any CPU = Release|Any CPU
	EndGlobalSection
	GlobalSection(ProjectConfigurationPlatforms) = postSolution
		{BCC5603D-8DF3-460D-9988-E6BE8B8B2B52}.Debug|Any CPU.ActiveCfg = Debug|Any CPU
		{BCC5603D-8DF3-460D-9988-E6BE8B8B2B52}.Debug|Any CPU.Build.0 = Debug|Any CPU
		{BCC5603D-8DF3-460D-9988-E6BE8B8B2B52}.Release|Any CPU.ActiveCfg = Release|Any CPU
		{BCC5603D-8DF3-460D-9988-E6BE8B8B2B52}.Release|Any CPU.Build.0 = Release|Any CPU
	EndGlobalSection
	GlobalSection(SolutionProperties) = preSolution
		HideSolutionNode = FALSE
	EndGlobalSection
	GlobalSection(ExtensibilityGlobals) = postSolution
		SolutionGuid = {AE11F6B6-EDFF-43B5-A07F-5D7828B5C44A}
	EndGlobalSection
EndGlobal
